
Microsoft Visual Studio Solution File, Format Version 12.00
# Visual Studio Version 16
VisualStudioVersion = 16.0.30413.136
MinimumVisualStudioVersion = 10.0.40219.1
Project("{9A19103F-16F7-4668-BE54-9A1E7A4F7556}") = "U4-ControlUsuario", "U4-ControlUsuario\U4-ControlUsuario.csproj", "{46D2051E-C273-41D3-97ED-9914D570C13D}"
EndProject
Project("{FAE04EC0-301F-11D3-BF4B-00C04F79EFBC}") = "u4-2_RolesUsuario", "u4-2_RolesUsuario\u4-2_RolesUsuario.csproj", "{667F4303-27D9-45C4-A73C-CF7404D5C421}"
EndProject
Global
	GlobalSection(SolutionConfigurationPlatforms) = preSolution
		Debug|Any CPU = Debug|Any CPU
		Release|Any CPU = Release|Any CPU
	EndGlobalSection
	GlobalSection(ProjectConfigurationPlatforms) = postSolution
		{46D2051E-C273-41D3-97ED-9914D570C13D}.Debug|Any CPU.ActiveCfg = Debug|Any CPU
		{46D2051E-C273-41D3-97ED-9914D570C13D}.Debug|Any CPU.Build.0 = Debug|Any CPU
		{46D2051E-C273-41D3-97ED-9914D570C13D}.Release|Any CPU.ActiveCfg = Release|Any CPU
		{46D2051E-C273-41D3-97ED-9914D570C13D}.Release|Any CPU.Build.0 = Release|Any CPU
		{667F4303-27D9-45C4-A73C-CF7404D5C421}.Debug|Any CPU.ActiveCfg = Debug|Any CPU
		{667F4303-27D9-45C4-A73C-CF7404D5C421}.Debug|Any CPU.Build.0 = Debug|Any CPU
		{667F4303-27D9-45C4-A73C-CF7404D5C421}.Release|Any CPU.ActiveCfg = Release|Any CPU
		{667F4303-27D9-45C4-A73C-CF7404D5C421}.Release|Any CPU.Build.0 = Release|Any CPU
	EndGlobalSection
	GlobalSection(SolutionProperties) = preSolution
		HideSolutionNode = FALSE
	EndGlobalSection
	GlobalSection(ExtensibilityGlobals) = postSolution
		SolutionGuid = {3E16F7DB-C741-40BA-AC00-00F6644F09E1}
	EndGlobalSection
EndGlobal
